{
  "nodes": {
    "disko": {
      "inputs": {
        "nixpkgs": [
          "nixpkgs"
        ]
      },
      "locked": {
        "lastModified": 1753140376,
        "narHash": "sha256-7lrVrE0jSvZHrxEzvnfHFE/Wkk9DDqb+mYCodI5uuB8=",
        "owner": "nix-community",
        "repo": "disko",
        "rev": "545aba02960caa78a31bd9a8709a0ad4b6320a5c",
        "type": "github"
      },
      "original": {
        "owner": "nix-community",
        "repo": "disko",
        "type": "github"
      }
    },
    "home-manager": {
      "inputs": {
        "nixpkgs": [
          "nixpkgs"
        ]
      },
      "locked": {
        "lastModified": 1753592768,
        "narHash": "sha256-oV695RvbAE4+R9pcsT9shmp6zE/+IZe6evHWX63f2Qg=",
        "owner": "nix-community",
        "repo": "home-manager",
        "rev": "fc3add429f21450359369af74c2375cb34a2d204",
        "type": "github"
      },
      "original": {
        "owner": "nix-community",
        "ref": "release-25.05",
        "repo": "home-manager",
        "type": "github"
      }
    },
    "nixpkgs": {
      "locked": {
        "lastModified": 1753749649,
        "narHash": "sha256-+jkEZxs7bfOKfBIk430K+tK9IvXlwzqQQnppC2ZKFj4=",
        "owner": "shdpl",
        "repo": "nixpkgs",
        "rev": "1f08a4df998e21f4e8be8fb6fbf61d11a1a5076a",
        "type": "github"
      },
      "original": {
        "owner": "shdpl",
        "ref": "nixos-25.05",
        "repo": "nixpkgs",
        "type": "github"
      }
    },
    "root": {
      "inputs": {
        "disko": "disko",
        "home-manager": "home-manager",
        "nixpkgs": "nixpkgs"
      }
    }
  },
  "root": "root",
  "version": 7
}
